
Microsoft Visual Studio Solution File, Format Version 12.00
# Visual Studio Version 16
VisualStudioVersion = 16.0.29728.190
MinimumVisualStudioVersion = 10.0.40219.1
Project("{FAE04EC0-301F-11D3-BF4B-00C04F79EFBC}") = "CancelAsync", "CancelAsync\CancelAsync.csproj", "{557DE520-32FC-4F23-82BC-A5CCB5AC12CD}"
EndProject
Global
	GlobalSection(SolutionConfigurationPlatforms) = preSolution
		Debug|Any CPU = Debug|Any CPU
		Release|Any CPU = Release|Any CPU
	EndGlobalSection
	GlobalSection(ProjectConfigurationPlatforms) = postSolution
		{557DE520-32FC-4F23-82BC-A5CCB5AC12CD}.Debug|Any CPU.ActiveCfg = Debug|Any CPU
		{557DE520-32FC-4F23-82BC-A5CCB5AC12CD}.Debug|Any CPU.Build.0 = Debug|Any CPU
		{557DE520-32FC-4F23-82BC-A5CCB5AC12CD}.Release|Any CPU.ActiveCfg = Release|Any CPU
		{557DE520-32FC-4F23-82BC-A5CCB5AC12CD}.Release|Any CPU.Build.0 = Release|Any CPU
	EndGlobalSection
	GlobalSection(SolutionProperties) = preSolution
		HideSolutionNode = FALSE
	EndGlobalSection
	GlobalSection(ExtensibilityGlobals) = postSolution
		SolutionGuid = {5BB7F5CA-1F53-4017-856F-5F1C4D971B2B}
	EndGlobalSection
EndGlobal
